<?xml version="1.0" encoding="UTF-8"?>
<CodeBlocks_project_file>
	<FileVersion major="1" minor="6"/>
	<Project>
		<Option title="UTAustinVillaBase"/>
		<Option makefile_is_custom="1"/>
		<Option compiler="gcc"/>
		<Option virtualFolders="CMake Files\;CMake Files\cmake\;"/>
		<Build>
			<Target title="all">
				<Option working_dir="/mnt/hgfs/chen/code/utaustinvilla3d-master"/>
				<Option type="4"/>
				<MakeCommands>
					<Build command="/usr/bin/make -j2 -f &quot;/mnt/hgfs/chen/code/utaustinvilla3d-master/Makefile&quot;  VERBOSE=1 all"/>
					<CompileFile command="/usr/bin/make -j2 -f &quot;/mnt/hgfs/chen/code/utaustinvilla3d-master/Makefile&quot;  VERBOSE=1 &quot;$file&quot;"/>
					<Clean command="/usr/bin/make -j2 -f &quot;/mnt/hgfs/chen/code/utaustinvilla3d-master/Makefile&quot;  VERBOSE=1 clean"/>
					<DistClean command="/usr/bin/make -j2 -f &quot;/mnt/hgfs/chen/code/utaustinvilla3d-master/Makefile&quot;  VERBOSE=1 clean"/>
				</MakeCommands>
			</Target>
			<Target title="rebuild_cache">
				<Option working_dir="/mnt/hgfs/chen/code/utaustinvilla3d-master"/>
				<Option type="4"/>
				<MakeCommands>
					<Build command="/usr/bin/make -j2 -f &quot;/mnt/hgfs/chen/code/utaustinvilla3d-master/Makefile&quot;  VERBOSE=1 rebuild_cache"/>
					<CompileFile command="/usr/bin/make -j2 -f &quot;/mnt/hgfs/chen/code/utaustinvilla3d-master/Makefile&quot;  VERBOSE=1 &quot;$file&quot;"/>
					<Clean command="/usr/bin/make -j2 -f &quot;/mnt/hgfs/chen/code/utaustinvilla3d-master/Makefile&quot;  VERBOSE=1 clean"/>
					<DistClean command="/usr/bin/make -j2 -f &quot;/mnt/hgfs/chen/code/utaustinvilla3d-master/Makefile&quot;  VERBOSE=1 clean"/>
				</MakeCommands>
			</Target>
			<Target title="edit_cache">
				<Option working_dir="/mnt/hgfs/chen/code/utaustinvilla3d-master"/>
				<Option type="4"/>
				<MakeCommands>
					<Build command="/usr/bin/make -j2 -f &quot;/mnt/hgfs/chen/code/utaustinvilla3d-master/Makefile&quot;  VERBOSE=1 edit_cache"/>
					<CompileFile command="/usr/bin/make -j2 -f &quot;/mnt/hgfs/chen/code/utaustinvilla3d-master/Makefile&quot;  VERBOSE=1 &quot;$file&quot;"/>
					<Clean command="/usr/bin/make -j2 -f &quot;/mnt/hgfs/chen/code/utaustinvilla3d-master/Makefile&quot;  VERBOSE=1 clean"/>
					<DistClean command="/usr/bin/make -j2 -f &quot;/mnt/hgfs/chen/code/utaustinvilla3d-master/Makefile&quot;  VERBOSE=1 clean"/>
				</MakeCommands>
			</Target>
			<Target title="agentspark">
				<Option output="/mnt/hgfs/chen/code/utaustinvilla3d-master/agentspark" prefix_auto="0" extension_auto="0"/>
				<Option working_dir="/mnt/hgfs/chen/code/utaustinvilla3d-master"/>
				<Option object_output="./"/>
				<Option type="1"/>
				<Option compiler="gcc"/>
				<Compiler>
					<Add directory="/mnt/hgfs/chen/code/utaustinvilla3d-master/utwalk"/>
					<Add directory="/usr/local/include/simspark"/>
					<Add directory="/usr/include/c++/5"/>
					<Add directory="/usr/include/x86_64-linux-gnu/c++/5"/>
					<Add directory="/usr/include/c++/5/backward"/>
					<Add directory="/usr/lib/gcc/x86_64-linux-gnu/5/include"/>
					<Add directory="/usr/local/include"/>
					<Add directory="/usr/lib/gcc/x86_64-linux-gnu/5/include-fixed"/>
					<Add directory="/usr/include/x86_64-linux-gnu"/>
					<Add directory="/usr/include"/>
				</Compiler>
				<MakeCommands>
					<Build command="/usr/bin/make -j2 -f &quot;/mnt/hgfs/chen/code/utaustinvilla3d-master/Makefile&quot;  VERBOSE=1 agentspark"/>
					<CompileFile command="/usr/bin/make -j2 -f &quot;/mnt/hgfs/chen/code/utaustinvilla3d-master/Makefile&quot;  VERBOSE=1 &quot;$file&quot;"/>
					<Clean command="/usr/bin/make -j2 -f &quot;/mnt/hgfs/chen/code/utaustinvilla3d-master/Makefile&quot;  VERBOSE=1 clean"/>
					<DistClean command="/usr/bin/make -j2 -f &quot;/mnt/hgfs/chen/code/utaustinvilla3d-master/Makefile&quot;  VERBOSE=1 clean"/>
				</MakeCommands>
			</Target>
			<Target title="agentspark/fast">
				<Option output="/mnt/hgfs/chen/code/utaustinvilla3d-master/agentspark" prefix_auto="0" extension_auto="0"/>
				<Option working_dir="/mnt/hgfs/chen/code/utaustinvilla3d-master"/>
				<Option object_output="./"/>
				<Option type="1"/>
				<Option compiler="gcc"/>
				<Compiler>
					<Add directory="/mnt/hgfs/chen/code/utaustinvilla3d-master/utwalk"/>
					<Add directory="/usr/local/include/simspark"/>
					<Add directory="/usr/include/c++/5"/>
					<Add directory="/usr/include/x86_64-linux-gnu/c++/5"/>
					<Add directory="/usr/include/c++/5/backward"/>
					<Add directory="/usr/lib/gcc/x86_64-linux-gnu/5/include"/>
					<Add directory="/usr/local/include"/>
					<Add directory="/usr/lib/gcc/x86_64-linux-gnu/5/include-fixed"/>
					<Add directory="/usr/include/x86_64-linux-gnu"/>
					<Add directory="/usr/include"/>
				</Compiler>
				<MakeCommands>
					<Build command="/usr/bin/make -j2 -f &quot;/mnt/hgfs/chen/code/utaustinvilla3d-master/Makefile&quot;  VERBOSE=1 agentspark/fast"/>
					<CompileFile command="/usr/bin/make -j2 -f &quot;/mnt/hgfs/chen/code/utaustinvilla3d-master/Makefile&quot;  VERBOSE=1 &quot;$file&quot;"/>
					<Clean command="/usr/bin/make -j2 -f &quot;/mnt/hgfs/chen/code/utaustinvilla3d-master/Makefile&quot;  VERBOSE=1 clean"/>
					<DistClean command="/usr/bin/make -j2 -f &quot;/mnt/hgfs/chen/code/utaustinvilla3d-master/Makefile&quot;  VERBOSE=1 clean"/>
				</MakeCommands>
			</Target>
		</Build>
		<Unit filename="/mnt/hgfs/chen/code/utaustinvilla3d-master/audio/audio.cc">
			<Option target="agentspark"/>
		</Unit>
		<Unit filename="/mnt/hgfs/chen/code/utaustinvilla3d-master/audio/audio.h">
			<Option target="agentspark"/>
		</Unit>
		<Unit filename="/mnt/hgfs/chen/code/utaustinvilla3d-master/behaviors/behavior.cc">
			<Option target="agentspark"/>
		</Unit>
		<Unit filename="/mnt/hgfs/chen/code/utaustinvilla3d-master/behaviors/behavior.h">
			<Option target="agentspark"/>
		</Unit>
		<Unit filename="/mnt/hgfs/chen/code/utaustinvilla3d-master/behaviors/checkfall.cc">
			<Option target="agentspark"/>
		</Unit>
		<Unit filename="/mnt/hgfs/chen/code/utaustinvilla3d-master/behaviors/gazebobehavior.cc">
			<Option target="agentspark"/>
		</Unit>
		<Unit filename="/mnt/hgfs/chen/code/utaustinvilla3d-master/behaviors/gazebobehavior.h">
			<Option target="agentspark"/>
		</Unit>
		<Unit filename="/mnt/hgfs/chen/code/utaustinvilla3d-master/behaviors/kicking.cc">
			<Option target="agentspark"/>
		</Unit>
		<Unit filename="/mnt/hgfs/chen/code/utaustinvilla3d-master/behaviors/naobehavior.cc">
			<Option target="agentspark"/>
		</Unit>
		<Unit filename="/mnt/hgfs/chen/code/utaustinvilla3d-master/behaviors/naobehavior.h">
			<Option target="agentspark"/>
		</Unit>
		<Unit filename="/mnt/hgfs/chen/code/utaustinvilla3d-master/behaviors/pkbehaviors.cc">
			<Option target="agentspark"/>
		</Unit>
		<Unit filename="/mnt/hgfs/chen/code/utaustinvilla3d-master/behaviors/pkbehaviors.h">
			<Option target="agentspark"/>
		</Unit>
		<Unit filename="/mnt/hgfs/chen/code/utaustinvilla3d-master/behaviors/strategy.cc">
			<Option target="agentspark"/>
		</Unit>
		<Unit filename="/mnt/hgfs/chen/code/utaustinvilla3d-master/bodymodel/bodymodel.cc">
			<Option target="agentspark"/>
		</Unit>
		<Unit filename="/mnt/hgfs/chen/code/utaustinvilla3d-master/bodymodel/bodymodel.h">
			<Option target="agentspark"/>
		</Unit>
		<Unit filename="/mnt/hgfs/chen/code/utaustinvilla3d-master/headers/headers.cc">
			<Option target="agentspark"/>
		</Unit>
		<Unit filename="/mnt/hgfs/chen/code/utaustinvilla3d-master/headers/headers.h">
			<Option target="agentspark"/>
		</Unit>
		<Unit filename="/mnt/hgfs/chen/code/utaustinvilla3d-master/ikfast/ikfast.cpp">
			<Option target="agentspark"/>
		</Unit>
		<Unit filename="/mnt/hgfs/chen/code/utaustinvilla3d-master/ikfast/ikfast.h">
			<Option target="agentspark"/>
		</Unit>
		<Unit filename="/mnt/hgfs/chen/code/utaustinvilla3d-master/kalman/BallKF.cpp">
			<Option target="agentspark"/>
		</Unit>
		<Unit filename="/mnt/hgfs/chen/code/utaustinvilla3d-master/kalman/BallKF.h">
			<Option target="agentspark"/>
		</Unit>
		<Unit filename="/mnt/hgfs/chen/code/utaustinvilla3d-master/kalman/OrigKalmanFilter.cpp">
			<Option target="agentspark"/>
		</Unit>
		<Unit filename="/mnt/hgfs/chen/code/utaustinvilla3d-master/kalman/OrigKalmanFilter.h">
			<Option target="agentspark"/>
		</Unit>
		<Unit filename="/mnt/hgfs/chen/code/utaustinvilla3d-master/kalman/PlayerKF.cpp">
			<Option target="agentspark"/>
		</Unit>
		<Unit filename="/mnt/hgfs/chen/code/utaustinvilla3d-master/kalman/PlayerKF.h">
			<Option target="agentspark"/>
		</Unit>
		<Unit filename="/mnt/hgfs/chen/code/utaustinvilla3d-master/main.cc">
			<Option target="agentspark"/>
		</Unit>
		<Unit filename="/mnt/hgfs/chen/code/utaustinvilla3d-master/math/Geometry.cc">
			<Option target="agentspark"/>
		</Unit>
		<Unit filename="/mnt/hgfs/chen/code/utaustinvilla3d-master/math/Geometry.h">
			<Option target="agentspark"/>
		</Unit>
		<Unit filename="/mnt/hgfs/chen/code/utaustinvilla3d-master/math/hctmatrix.cc">
			<Option target="agentspark"/>
		</Unit>
		<Unit filename="/mnt/hgfs/chen/code/utaustinvilla3d-master/math/hctmatrix.h">
			<Option target="agentspark"/>
		</Unit>
		<Unit filename="/mnt/hgfs/chen/code/utaustinvilla3d-master/math/vecposition.cc">
			<Option target="agentspark"/>
		</Unit>
		<Unit filename="/mnt/hgfs/chen/code/utaustinvilla3d-master/math/vecposition.h">
			<Option target="agentspark"/>
		</Unit>
		<Unit filename="/mnt/hgfs/chen/code/utaustinvilla3d-master/optimization/optimizationbehaviors.cc">
			<Option target="agentspark"/>
		</Unit>
		<Unit filename="/mnt/hgfs/chen/code/utaustinvilla3d-master/optimization/optimizationbehaviors.h">
			<Option target="agentspark"/>
		</Unit>
		<Unit filename="/mnt/hgfs/chen/code/utaustinvilla3d-master/parser/parser.cc">
			<Option target="agentspark"/>
		</Unit>
		<Unit filename="/mnt/hgfs/chen/code/utaustinvilla3d-master/parser/parser.h">
			<Option target="agentspark"/>
		</Unit>
		<Unit filename="/mnt/hgfs/chen/code/utaustinvilla3d-master/particlefilter/PFLocalization.cc">
			<Option target="agentspark"/>
		</Unit>
		<Unit filename="/mnt/hgfs/chen/code/utaustinvilla3d-master/particlefilter/PFLocalization.h">
			<Option target="agentspark"/>
		</Unit>
		<Unit filename="/mnt/hgfs/chen/code/utaustinvilla3d-master/particlefilter/Particle.cc">
			<Option target="agentspark"/>
		</Unit>
		<Unit filename="/mnt/hgfs/chen/code/utaustinvilla3d-master/particlefilter/Particle.h">
			<Option target="agentspark"/>
		</Unit>
		<Unit filename="/mnt/hgfs/chen/code/utaustinvilla3d-master/rvdraw/rvdraw.cc">
			<Option target="agentspark"/>
		</Unit>
		<Unit filename="/mnt/hgfs/chen/code/utaustinvilla3d-master/rvdraw/rvdraw.h">
			<Option target="agentspark"/>
		</Unit>
		<Unit filename="/mnt/hgfs/chen/code/utaustinvilla3d-master/servercomm/primitives.cc">
			<Option target="agentspark"/>
		</Unit>
		<Unit filename="/mnt/hgfs/chen/code/utaustinvilla3d-master/skills/curve3d.cc">
			<Option target="agentspark"/>
		</Unit>
		<Unit filename="/mnt/hgfs/chen/code/utaustinvilla3d-master/skills/curve3d.h">
			<Option target="agentspark"/>
		</Unit>
		<Unit filename="/mnt/hgfs/chen/code/utaustinvilla3d-master/skills/skill.cc">
			<Option target="agentspark"/>
		</Unit>
		<Unit filename="/mnt/hgfs/chen/code/utaustinvilla3d-master/skills/skill.h">
			<Option target="agentspark"/>
		</Unit>
		<Unit filename="/mnt/hgfs/chen/code/utaustinvilla3d-master/utwalk/Module.cpp">
			<Option target="agentspark"/>
		</Unit>
		<Unit filename="/mnt/hgfs/chen/code/utaustinvilla3d-master/utwalk/Module.h">
			<Option target="agentspark"/>
		</Unit>
		<Unit filename="/mnt/hgfs/chen/code/utaustinvilla3d-master/utwalk/MotionCore.cpp">
			<Option target="agentspark"/>
		</Unit>
		<Unit filename="/mnt/hgfs/chen/code/utaustinvilla3d-master/utwalk/MotionCore.h">
			<Option target="agentspark"/>
		</Unit>
		<Unit filename="/mnt/hgfs/chen/code/utaustinvilla3d-master/utwalk/common/NMatrix.cpp">
			<Option target="agentspark"/>
		</Unit>
		<Unit filename="/mnt/hgfs/chen/code/utaustinvilla3d-master/utwalk/common/NMatrix.h">
			<Option target="agentspark"/>
		</Unit>
		<Unit filename="/mnt/hgfs/chen/code/utaustinvilla3d-master/utwalk/common/PIDController.cpp">
			<Option target="agentspark"/>
		</Unit>
		<Unit filename="/mnt/hgfs/chen/code/utaustinvilla3d-master/utwalk/common/PIDController.h">
			<Option target="agentspark"/>
		</Unit>
		<Unit filename="/mnt/hgfs/chen/code/utaustinvilla3d-master/utwalk/kinematics/ForwardKinematics.cpp">
			<Option target="agentspark"/>
		</Unit>
		<Unit filename="/mnt/hgfs/chen/code/utaustinvilla3d-master/utwalk/kinematics/ForwardKinematics.h">
			<Option target="agentspark"/>
		</Unit>
		<Unit filename="/mnt/hgfs/chen/code/utaustinvilla3d-master/utwalk/kinematics/InverseKinematics.cpp">
			<Option target="agentspark"/>
		</Unit>
		<Unit filename="/mnt/hgfs/chen/code/utaustinvilla3d-master/utwalk/kinematics/InverseKinematics.h">
			<Option target="agentspark"/>
		</Unit>
		<Unit filename="/mnt/hgfs/chen/code/utaustinvilla3d-master/utwalk/kinematics/KinematicsModule.cpp">
			<Option target="agentspark"/>
		</Unit>
		<Unit filename="/mnt/hgfs/chen/code/utaustinvilla3d-master/utwalk/kinematics/KinematicsModule.h">
			<Option target="agentspark"/>
		</Unit>
		<Unit filename="/mnt/hgfs/chen/code/utaustinvilla3d-master/utwalk/math/Geometry.cpp">
			<Option target="agentspark"/>
		</Unit>
		<Unit filename="/mnt/hgfs/chen/code/utaustinvilla3d-master/utwalk/math/Geometry.h">
			<Option target="agentspark"/>
		</Unit>
		<Unit filename="/mnt/hgfs/chen/code/utaustinvilla3d-master/utwalk/math/MVTools.cpp">
			<Option target="agentspark"/>
		</Unit>
		<Unit filename="/mnt/hgfs/chen/code/utaustinvilla3d-master/utwalk/math/MVTools.h">
			<Option target="agentspark"/>
		</Unit>
		<Unit filename="/mnt/hgfs/chen/code/utaustinvilla3d-master/utwalk/math/RotationMatrix.cpp">
			<Option target="agentspark"/>
		</Unit>
		<Unit filename="/mnt/hgfs/chen/code/utaustinvilla3d-master/utwalk/math/RotationMatrix.h">
			<Option target="agentspark"/>
		</Unit>
		<Unit filename="/mnt/hgfs/chen/code/utaustinvilla3d-master/utwalk/memory/Lock.cpp">
			<Option target="agentspark"/>
		</Unit>
		<Unit filename="/mnt/hgfs/chen/code/utaustinvilla3d-master/utwalk/memory/Lock.h">
			<Option target="agentspark"/>
		</Unit>
		<Unit filename="/mnt/hgfs/chen/code/utaustinvilla3d-master/utwalk/memory/Logger.cpp">
			<Option target="agentspark"/>
		</Unit>
		<Unit filename="/mnt/hgfs/chen/code/utaustinvilla3d-master/utwalk/memory/Logger.h">
			<Option target="agentspark"/>
		</Unit>
		<Unit filename="/mnt/hgfs/chen/code/utaustinvilla3d-master/utwalk/memory/Memory.cpp">
			<Option target="agentspark"/>
		</Unit>
		<Unit filename="/mnt/hgfs/chen/code/utaustinvilla3d-master/utwalk/memory/Memory.h">
			<Option target="agentspark"/>
		</Unit>
		<Unit filename="/mnt/hgfs/chen/code/utaustinvilla3d-master/utwalk/memory/MemoryBlock.cpp">
			<Option target="agentspark"/>
		</Unit>
		<Unit filename="/mnt/hgfs/chen/code/utaustinvilla3d-master/utwalk/memory/MemoryBlock.h">
			<Option target="agentspark"/>
		</Unit>
		<Unit filename="/mnt/hgfs/chen/code/utaustinvilla3d-master/utwalk/memory/PrivateMemory.cpp">
			<Option target="agentspark"/>
		</Unit>
		<Unit filename="/mnt/hgfs/chen/code/utaustinvilla3d-master/utwalk/memory/PrivateMemory.h">
			<Option target="agentspark"/>
		</Unit>
		<Unit filename="/mnt/hgfs/chen/code/utaustinvilla3d-master/utwalk/memory/SharedMemory.cpp">
			<Option target="agentspark"/>
		</Unit>
		<Unit filename="/mnt/hgfs/chen/code/utaustinvilla3d-master/utwalk/memory/SharedMemory.h">
			<Option target="agentspark"/>
		</Unit>
		<Unit filename="/mnt/hgfs/chen/code/utaustinvilla3d-master/utwalk/motion/MotionModule.cpp">
			<Option target="agentspark"/>
		</Unit>
		<Unit filename="/mnt/hgfs/chen/code/utaustinvilla3d-master/utwalk/motion/MotionModule.h">
			<Option target="agentspark"/>
		</Unit>
		<Unit filename="/mnt/hgfs/chen/code/utaustinvilla3d-master/utwalk/motion/UTWalkEngine.cpp">
			<Option target="agentspark"/>
		</Unit>
		<Unit filename="/mnt/hgfs/chen/code/utaustinvilla3d-master/utwalk/motion/UTWalkEngine.h">
			<Option target="agentspark"/>
		</Unit>
		<Unit filename="/mnt/hgfs/chen/code/utaustinvilla3d-master/utwalk/motion/WalkEngineParameters.cpp">
			<Option target="agentspark"/>
		</Unit>
		<Unit filename="/mnt/hgfs/chen/code/utaustinvilla3d-master/utwalk/motion/WalkEngineParameters.h">
			<Option target="agentspark"/>
		</Unit>
		<Unit filename="/mnt/hgfs/chen/code/utaustinvilla3d-master/utwalk/sensor/InertialFilter.cpp">
			<Option target="agentspark"/>
		</Unit>
		<Unit filename="/mnt/hgfs/chen/code/utaustinvilla3d-master/utwalk/sensor/InertialFilter.h">
			<Option target="agentspark"/>
		</Unit>
		<Unit filename="/mnt/hgfs/chen/code/utaustinvilla3d-master/utwalk/sensor/SensorModule.cpp">
			<Option target="agentspark"/>
		</Unit>
		<Unit filename="/mnt/hgfs/chen/code/utaustinvilla3d-master/utwalk/sensor/SensorModule.h">
			<Option target="agentspark"/>
		</Unit>
		<Unit filename="/mnt/hgfs/chen/code/utaustinvilla3d-master/worldmodel/worldmodel.cc">
			<Option target="agentspark"/>
		</Unit>
		<Unit filename="/mnt/hgfs/chen/code/utaustinvilla3d-master/worldmodel/worldmodel.h">
			<Option target="agentspark"/>
		</Unit>
		<Unit filename="/mnt/hgfs/chen/code/utaustinvilla3d-master/CMakeLists.txt">
			<Option virtualFolder="CMake Files\"/>
		</Unit>
		<Unit filename="/mnt/hgfs/chen/code/utaustinvilla3d-master/cmake/FindRcssnet3d.cmake">
			<Option virtualFolder="CMake Files\cmake\"/>
		</Unit>
	</Project>
</CodeBlocks_project_file>
